
Microsoft Visual Studio Solution File, Format Version 12.00
# Visual Studio Version 17
VisualStudioVersion = 17.7.34024.191
MinimumVisualStudioVersion = 10.0.40219.1
Project("{FAE04EC0-301F-11D3-BF4B-00C04F79EFBC}") = "Assignment7", "Assignment7\Assignment7.csproj", "{8C1FA08C-48AD-471C-BF16-CDE48FD4E5FC}"
EndProject
Project("{FAE04EC0-301F-11D3-BF4B-00C04F79EFBC}") = "EncryptionLibrary", "EncryptionLibrary\EncryptionLibrary.csproj", "{D128B0D0-AE71-473D-9712-BCB5D1D73220}"
EndProject
Global
	GlobalSection(SolutionConfigurationPlatforms) = preSolution
		Debug|Any CPU = Debug|Any CPU
		Release|Any CPU = Release|Any CPU
	EndGlobalSection
	GlobalSection(ProjectConfigurationPlatforms) = postSolution
		{8C1FA08C-48AD-471C-BF16-CDE48FD4E5FC}.Debug|Any CPU.ActiveCfg = Debug|Any CPU
		{8C1FA08C-48AD-471C-BF16-CDE48FD4E5FC}.Debug|Any CPU.Build.0 = Debug|Any CPU
		{8C1FA08C-48AD-471C-BF16-CDE48FD4E5FC}.Release|Any CPU.ActiveCfg = Release|Any CPU
		{8C1FA08C-48AD-471C-BF16-CDE48FD4E5FC}.Release|Any CPU.Build.0 = Release|Any CPU
		{D128B0D0-AE71-473D-9712-BCB5D1D73220}.Debug|Any CPU.ActiveCfg = Debug|Any CPU
		{D128B0D0-AE71-473D-9712-BCB5D1D73220}.Debug|Any CPU.Build.0 = Debug|Any CPU
		{D128B0D0-AE71-473D-9712-BCB5D1D73220}.Release|Any CPU.ActiveCfg = Release|Any CPU
		{D128B0D0-AE71-473D-9712-BCB5D1D73220}.Release|Any CPU.Build.0 = Release|Any CPU
	EndGlobalSection
	GlobalSection(SolutionProperties) = preSolution
		HideSolutionNode = FALSE
	EndGlobalSection
	GlobalSection(ExtensibilityGlobals) = postSolution
		SolutionGuid = {F9E4FD6C-19D4-41E4-AD3A-7062B1A21323}
	EndGlobalSection
EndGlobal
